
Microsoft Visual Studio Solution File, Format Version 12.00
# Visual Studio Version 16
VisualStudioVersion = 16.0.29728.190
MinimumVisualStudioVersion = 10.0.40219.1
Project("{FAE04EC0-301F-11D3-BF4B-00C04F79EFBC}") = "ImageSearcher_Windows", "ImageSearcher_Windows\ImageSearcher_Windows.csproj", "{9E884DB0-BAE7-4E0A-A927-31734B6E8305}"
EndProject
Global
	GlobalSection(SolutionConfigurationPlatforms) = preSolution
		Debug|Any CPU = Debug|Any CPU
		Release|Any CPU = Release|Any CPU
	EndGlobalSection
	GlobalSection(ProjectConfigurationPlatforms) = postSolution
		{9E884DB0-BAE7-4E0A-A927-31734B6E8305}.Debug|Any CPU.ActiveCfg = Debug|Any CPU
		{9E884DB0-BAE7-4E0A-A927-31734B6E8305}.Debug|Any CPU.Build.0 = Debug|Any CPU
		{9E884DB0-BAE7-4E0A-A927-31734B6E8305}.Release|Any CPU.ActiveCfg = Release|Any CPU
		{9E884DB0-BAE7-4E0A-A927-31734B6E8305}.Release|Any CPU.Build.0 = Release|Any CPU
	EndGlobalSection
	GlobalSection(SolutionProperties) = preSolution
		HideSolutionNode = FALSE
	EndGlobalSection
	GlobalSection(ExtensibilityGlobals) = postSolution
		SolutionGuid = {B07A6915-FB73-41FE-AECE-866640B83166}
	EndGlobalSection
EndGlobal
